
Microsoft Visual Studio Solution File, Format Version 12.00
# Visual Studio Version 17
VisualStudioVersion = 17.5.33627.172
MinimumVisualStudioVersion = 10.0.40219.1
Project("{FAE04EC0-301F-11D3-BF4B-00C04F79EFBC}") = "Playprime", "Playprime\Playprime.csproj", "{6B4475D4-6F5F-40D9-8197-362EB6E4F670}"
EndProject
Global
	GlobalSection(SolutionConfigurationPlatforms) = preSolution
		Debug|Any CPU = Debug|Any CPU
		Release|Any CPU = Release|Any CPU
	EndGlobalSection
	GlobalSection(ProjectConfigurationPlatforms) = postSolution
		{6B4475D4-6F5F-40D9-8197-362EB6E4F670}.Debug|Any CPU.ActiveCfg = Debug|Any CPU
		{6B4475D4-6F5F-40D9-8197-362EB6E4F670}.Debug|Any CPU.Build.0 = Debug|Any CPU
		{6B4475D4-6F5F-40D9-8197-362EB6E4F670}.Release|Any CPU.ActiveCfg = Release|Any CPU
		{6B4475D4-6F5F-40D9-8197-362EB6E4F670}.Release|Any CPU.Build.0 = Release|Any CPU
	EndGlobalSection
	GlobalSection(SolutionProperties) = preSolution
		HideSolutionNode = FALSE
	EndGlobalSection
	GlobalSection(ExtensibilityGlobals) = postSolution
		SolutionGuid = {AF3E7F84-68D7-4C0C-A1F0-1A3B0046F8C4}
	EndGlobalSection
EndGlobal
